Microsoft Visual Studio Solution File, Format Version 12.00
# Visual Studio Version 17
VisualStudioVersion = 17.5.2.0
MinimumVisualStudioVersion = 10.0.40219.1
Project("{2150E333-8FDC-42A3-9474-1A3956D46DE8}") = "02_var", "02_var", "{B317ECE7-A39E-13BB-7747-8ABA78B1E51C}"
EndProject
Project("{FAE04EC0-301F-11D3-BF4B-00C04F79EFBC}") = "stringvar", "02_var\stringvar\stringvar.csproj", "{1E743F7A-83C1-1696-D443-AE160C256750}"
EndProject
Global
	GlobalSection(SolutionConfigurationPlatforms) = preSolution
		Debug|Any CPU = Debug|Any CPU
		Release|Any CPU = Release|Any CPU
	EndGlobalSection
	GlobalSection(ProjectConfigurationPlatforms) = postSolution
		{1E743F7A-83C1-1696-D443-AE160C256750}.Debug|Any CPU.ActiveCfg = Debug|Any CPU
		{1E743F7A-83C1-1696-D443-AE160C256750}.Debug|Any CPU.Build.0 = Debug|Any CPU
		{1E743F7A-83C1-1696-D443-AE160C256750}.Release|Any CPU.ActiveCfg = Release|Any CPU
		{1E743F7A-83C1-1696-D443-AE160C256750}.Release|Any CPU.Build.0 = Release|Any CPU
	EndGlobalSection
	GlobalSection(SolutionProperties) = preSolution
		HideSolutionNode = FALSE
	EndGlobalSection
	GlobalSection(NestedProjects) = preSolution
		{1E743F7A-83C1-1696-D443-AE160C256750} = {B317ECE7-A39E-13BB-7747-8ABA78B1E51C}
	EndGlobalSection
	GlobalSection(ExtensibilityGlobals) = postSolution
		SolutionGuid = {BB49C6A4-8DF9-4903-B862-BF0D7022129D}
	EndGlobalSection
EndGlobal
